
Microsoft Visual Studio Solution File, Format Version 12.00
# Visual Studio Version 17
VisualStudioVersion = 17.5.33502.453
MinimumVisualStudioVersion = 10.0.40219.1
Project("{FAE04EC0-301F-11D3-BF4B-00C04F79EFBC}") = "ZarAtma", "ZarAtma\ZarAtma.csproj", "{E66A8EEA-5144-412A-8512-1CCAA598BA7E}"
EndProject
Global
	GlobalSection(SolutionConfigurationPlatforms) = preSolution
		Debug|Any CPU = Debug|Any CPU
		Release|Any CPU = Release|Any CPU
	EndGlobalSection
	GlobalSection(ProjectConfigurationPlatforms) = postSolution
		{E66A8EEA-5144-412A-8512-1CCAA598BA7E}.Debug|Any CPU.ActiveCfg = Debug|Any CPU
		{E66A8EEA-5144-412A-8512-1CCAA598BA7E}.Debug|Any CPU.Build.0 = Debug|Any CPU
		{E66A8EEA-5144-412A-8512-1CCAA598BA7E}.Release|Any CPU.ActiveCfg = Release|Any CPU
		{E66A8EEA-5144-412A-8512-1CCAA598BA7E}.Release|Any CPU.Build.0 = Release|Any CPU
	EndGlobalSection
	GlobalSection(SolutionProperties) = preSolution
		HideSolutionNode = FALSE
	EndGlobalSection
	GlobalSection(ExtensibilityGlobals) = postSolution
		SolutionGuid = {C64A2F58-36F7-441E-BCA0-20717491C75D}
	EndGlobalSection
EndGlobal
